
Microsoft Visual Studio Solution File, Format Version 12.00
# Visual Studio Version 17
VisualStudioVersion = 17.11.35327.3
MinimumVisualStudioVersion = 10.0.40219.1
Project("{9A19103F-16F7-4668-BE54-9A1E7A4F7556}") = "Transport.Models", "Transport\Transport.Models.csproj", "{1C87AA23-6D9C-4018-B530-AF6ACB7B65DF}"
EndProject
Project("{9A19103F-16F7-4668-BE54-9A1E7A4F7556}") = "TransportMigration", "TransportMigration\TransportMigration.csproj", "{9B86EEEB-2F64-4BAB-9624-7B1EF0C8AB04}"
EndProject
Global
	GlobalSection(SolutionConfigurationPlatforms) = preSolution
		Debug|Any CPU = Debug|Any CPU
		Release|Any CPU = Release|Any CPU
	EndGlobalSection
	GlobalSection(ProjectConfigurationPlatforms) = postSolution
		{1C87AA23-6D9C-4018-B530-AF6ACB7B65DF}.Debug|Any CPU.ActiveCfg = Debug|Any CPU
		{1C87AA23-6D9C-4018-B530-AF6ACB7B65DF}.Debug|Any CPU.Build.0 = Debug|Any CPU
		{1C87AA23-6D9C-4018-B530-AF6ACB7B65DF}.Release|Any CPU.ActiveCfg = Release|Any CPU
		{1C87AA23-6D9C-4018-B530-AF6ACB7B65DF}.Release|Any CPU.Build.0 = Release|Any CPU
		{9B86EEEB-2F64-4BAB-9624-7B1EF0C8AB04}.Debug|Any CPU.ActiveCfg = Debug|Any CPU
		{9B86EEEB-2F64-4BAB-9624-7B1EF0C8AB04}.Debug|Any CPU.Build.0 = Debug|Any CPU
		{9B86EEEB-2F64-4BAB-9624-7B1EF0C8AB04}.Release|Any CPU.ActiveCfg = Release|Any CPU
		{9B86EEEB-2F64-4BAB-9624-7B1EF0C8AB04}.Release|Any CPU.Build.0 = Release|Any CPU
	EndGlobalSection
	GlobalSection(SolutionProperties) = preSolution
		HideSolutionNode = FALSE
	EndGlobalSection
	GlobalSection(ExtensibilityGlobals) = postSolution
		SolutionGuid = {9444D4B8-08F1-45F3-89BF-73F400F27905}
	EndGlobalSection
EndGlobal
